// !$*UTF8*$!
{
	archiveVersion = 1;
	classes = {
	};
	objectVersion = 77;
	objects = {

/* Begin PBXContainerItemProxy section */
		399B57EC2D67B58B00AE3BC5 /* PBXContainerItemProxy */ = {
			isa = PBXContainerItemProxy;
			containerPortal = 399B57CE2D67B58A00AE3BC5 /* Project object */;
			proxyType = 1;
			remoteGlobalIDString = 399B57D52D67B58A00AE3BC5;
			remoteInfo = LaBonnePlace;
		};
		399B57F62D67B58B00AE3BC5 /* PBXContainerItemProxy */ = {
			isa = PBXContainerItemProxy;
			containerPortal = 399B57CE2D67B58A00AE3BC5 /* Project object */;
			proxyType = 1;
			remoteGlobalIDString = 399B57D52D67B58A00AE3BC5;
			remoteInfo = LaBonnePlace;
		};
/* End PBXContainerItemProxy section */

/* Begin PBXFileReference section */
		399B57D62D67B58A00AE3BC5 /* LaBonnePlace.app */ = {isa = PBXFileReference; explicitFileType = wrapper.application; includeInIndex = 0; path = LaBonnePlace.app; sourceTree = BUILT_PRODUCTS_DIR; };
		399B57EB2D67B58B00AE3BC5 /* LaBonnePlaceTests.xctest */ = {isa = PBXFileReference; explicitFileType = wrapper.cfbundle; includeInIndex = 0; path = LaBonnePlaceTests.xctest; sourceTree = BUILT_PRODUCTS_DIR; };
		399B57F52D67B58B00AE3BC5 /* LaBonnePlaceUITests.xctest */ = {isa = PBXFileReference; explicitFileType = wrapper.cfbundle; includeInIndex = 0; path = LaBonnePlaceUITests.xctest; sourceTree = BUILT_PRODUCTS_DIR; };
/* End PBXFileReference section */

/* Begin PBXFileSystemSynchronizedRootGroup section */
		399B57D82D67B58A00AE3BC5 /* LaBonnePlace */ = {
			isa = PBXFileSystemSynchronizedRootGroup;
			path = LaBonnePlace;
			sourceTree = "<group>";
		};
		399B57EE2D67B58B00AE3BC5 /* LaBonnePlaceTests */ = {
			isa = PBXFileSystemSynchronizedRootGroup;
			path = LaBonnePlaceTests;
			sourceTree = "<group>";
		};
		399B57F82D67B58B00AE3BC5 /* LaBonnePlaceUITests */ = {
			isa = PBXFileSystemSynchronizedRootGroup;
			path = LaBonnePlaceUITests;
			sourceTree = "<group>";
		};
/* End PBXFileSystemSynchronizedRootGroup section */

/* Begin PBXFrameworksBuildPhase section */
		399B57D32D67B58A00AE3BC5 /* Frameworks */ = {
			isa = PBXFrameworksBuildPhase;
			buildActionMask = 2147483647;
			files = (
			);
			runOnlyForDeploymentPostprocessing = 0;
		};
		399B57E82D67B58B00AE3BC5 /* Frameworks */ = {
			isa = PBXFrameworksBuildPhase;
			buildActionMask = 2147483647;
			files = (
			);
			runOnlyForDeploymentPostprocessing = 0;
		};
		399B57F22D67B58B00AE3BC5 /* Frameworks */ = {
			isa = PBXFrameworksBuildPhase;
			buildActionMask = 2147483647;
			files = (
			);
			runOnlyForDeploymentPostprocessing = 0;
		};
/* End PBXFrameworksBuildPhase section */

/* Begin PBXGroup section */
		399B57CD2D67B58A00AE3BC5 = {
			isa = PBXGroup;
			children = (
				399B57D82D67B58A00AE3BC5 /* LaBonnePlace */,
				399B57EE2D67B58B00AE3BC5 /* LaBonnePlaceTests */,
				399B57F82D67B58B00AE3BC5 /* LaBonnePlaceUITests */,
				399B57D72D67B58A00AE3BC5 /* Products */,
			);
			sourceTree = "<group>";
		};
		399B57D72D67B58A00AE3BC5 /* Products */ = {
			isa = PBXGroup;
			children = (
				399B57D62D67B58A00AE3BC5 /* LaBonnePlace.app */,
				399B57EB2D67B58B00AE3BC5 /* LaBonnePlaceTests.xctest */,
				399B57F52D67B58B00AE3BC5 /* LaBonnePlaceUITests.xctest */,
			);
			name = Products;
			sourceTree = "<group>";
		};
/* End PBXGroup section */

/* Begin PBXNativeTarget section */
		399B57D52D67B58A00AE3BC5 /* LaBonnePlace */ = {
			isa = PBXNativeTarget;
			buildConfigurationList = 399B57FF2D67B58B00AE3BC5 /* Build configuration list for PBXNativeTarget "LaBonnePlace" */;
			buildPhases = (
				399B57D22D67B58A00AE3BC5 /* Sources */,
				399B57D32D67B58A00AE3BC5 /* Frameworks */,
				399B57D42D67B58A00AE3BC5 /* Resources */,
			);
			buildRules = (
			);
			dependencies = (
			);
			fileSystemSynchronizedGroups = (
				399B57D82D67B58A00AE3BC5 /* LaBonnePlace */,
			);
			name = LaBonnePlace;
			packageProductDependencies = (
			);
			productName = LaBonnePlace;
			productReference = 399B57D62D67B58A00AE3BC5 /* LaBonnePlace.app */;
			productType = "com.apple.product-type.application";
		};
		399B57EA2D67B58B00AE3BC5 /* LaBonnePlaceTests */ = {
			isa = PBXNativeTarget;
			buildConfigurationList = 399B58022D67B58B00AE3BC5 /* Build configuration list for PBXNativeTarget "LaBonnePlaceTests" */;
			buildPhases = (
				399B57E72D67B58B00AE3BC5 /* Sources */,
				399B57E82D67B58B00AE3BC5 /* Frameworks */,
				399B57E92D67B58B00AE3BC5 /* Resources */,
			);
			buildRules = (
			);
			dependencies = (
				399B57ED2D67B58B00AE3BC5 /* PBXTargetDependency */,
			);
			fileSystemSynchronizedGroups = (
				399B57EE2D67B58B00AE3BC5 /* LaBonnePlaceTests */,
			);
			name = LaBonnePlaceTests;
			packageProductDependencies = (
			);
			productName = LaBonnePlaceTests;
			productReference = 399B57EB2D67B58B00AE3BC5 /* LaBonnePlaceTests.xctest */;
			productType = "com.apple.product-type.bundle.unit-test";
		};
		399B57F42D67B58B00AE3BC5 /* LaBonnePlaceUITests */ = {
			isa = PBXNativeTarget;
			buildConfigurationList = 399B58052D67B58B00AE3BC5 /* Build configuration list for PBXNativeTarget "LaBonnePlaceUITests" */;
			buildPhases = (
				399B57F12D67B58B00AE3BC5 /* Sources */,
				399B57F22D67B58B00AE3BC5 /* Frameworks */,
				399B57F32D67B58B00AE3BC5 /* Resources */,
			);
			buildRules = (
			);
			dependencies = (
				399B57F72D67B58B00AE3BC5 /* PBXTargetDependency */,
			);
			fileSystemSynchronizedGroups = (
				399B57F82D67B58B00AE3BC5 /* LaBonnePlaceUITests */,
			);
			name = LaBonnePlaceUITests;
			packageProductDependencies = (
			);
			productName = LaBonnePlaceUITests;
			productReference = 399B57F52D67B58B00AE3BC5 /* LaBonnePlaceUITests.xctest */;
			productType = "com.apple.product-type.bundle.ui-testing";
		};
/* End PBXNativeTarget section */

/* Begin PBXProject section */
		399B57CE2D67B58A00AE3BC5 /* Project object */ = {
			isa = PBXProject;
			attributes = {
				BuildIndependentTargetsInParallel = 1;
				LastSwiftUpdateCheck = 1610;
				LastUpgradeCheck = 1610;
				TargetAttributes = {
					399B57D52D67B58A00AE3BC5 = {
						CreatedOnToolsVersion = 16.1;
					};
					399B57EA2D67B58B00AE3BC5 = {
						CreatedOnToolsVersion = 16.1;
						TestTargetID = 399B57D52D67B58A00AE3BC5;
					};
					399B57F42D67B58B00AE3BC5 = {
						CreatedOnToolsVersion = 16.1;
						TestTargetID = 399B57D52D67B58A00AE3BC5;
					};
				};
			};
			buildConfigurationList = 399B57D12D67B58A00AE3BC5 /* Build configuration list for PBXProject "LaBonnePlace" */;
			developmentRegion = en;
			hasScannedForEncodings = 0;
			knownRegions = (
				en,
				Base,
			);
			mainGroup = 399B57CD2D67B58A00AE3BC5;
			minimizedProjectReferenceProxies = 1;
			preferredProjectObjectVersion = 77;
			productRefGroup = 399B57D72D67B58A00AE3BC5 /* Products */;
			projectDirPath = "";
			projectRoot = "";
			targets = (
				399B57D52D67B58A00AE3BC5 /* LaBonnePlace */,
				399B57EA2D67B58B00AE3BC5 /* LaBonnePlaceTests */,
				399B57F42D67B58B00AE3BC5 /* LaBonnePlaceUITests */,
			);
		};
/* End PBXProject section */

/* Begin PBXResourcesBuildPhase section */
		399B57D42D67B58A00AE3BC5 /* Resources */ = {
			isa = PBXResourcesBuildPhase;
			buildActionMask = 2147483647;
			files = (
			);
			runOnlyForDeploymentPostprocessing = 0;
		};
		399B57E92D67B58B00AE3BC5 /* Resources */ = {
			isa = PBXResourcesBuildPhase;
			buildActionMask = 2147483647;
			files = (
			);
			runOnlyForDeploymentPostprocessing = 0;
		};
		399B57F32D67B58B00AE3BC5 /* Resources */ = {
			isa = PBXResourcesBuildPhase;
			buildActionMask = 2147483647;
			files = (
			);
			runOnlyForDeploymentPostprocessing = 0;
		};
/* End PBXResourcesBuildPhase section */

/* Begin PBXSourcesBuildPhase section */
		399B57D22D67B58A00AE3BC5 /* Sources */ = {
			isa = PBXSourcesBuildPhase;
			buildActionMask = 2147483647;
			files = (
			);
			runOnlyForDeploymentPostprocessing = 0;
		};
		399B57E72D67B58B00AE3BC5 /* Sources */ = {
			isa = PBXSourcesBuildPhase;
			buildActionMask = 2147483647;
			files = (
			);
			runOnlyForDeploymentPostprocessing = 0;
		};
		399B57F12D67B58B00AE3BC5 /* Sources */ = {
			isa = PBXSourcesBuildPhase;
			buildActionMask = 2147483647;
			files = (
			);
			runOnlyForDeploymentPostprocessing = 0;
		};
/* End PBXSourcesBuildPhase section */

/* Begin PBXTargetDependency section */
		399B57ED2D67B58B00AE3BC5 /* PBXTargetDependency */ = {
			isa = PBXTargetDependency;
			target = 399B57D52D67B58A00AE3BC5 /* LaBonnePlace */;
			targetProxy = 399B57EC2D67B58B00AE3BC5 /* PBXContainerItemProxy */;
		};
		399B57F72D67B58B00AE3BC5 /* PBXTargetDependency */ = {
			isa = PBXTargetDependency;
			target = 399B57D52D67B58A00AE3BC5 /* LaBonnePlace */;
			targetProxy = 399B57F62D67B58B00AE3BC5 /* PBXContainerItemProxy */;
		};
/* End PBXTargetDependency section */

/* Begin XCBuildConfiguration section */
		399B57FD2D67B58B00AE3BC5 /* Debug */ = {
			isa = XCBuildConfiguration;
			buildSettings = {
				ALWAYS_SEARCH_USER_PATHS = NO;
				ASSETCATALOG_COMPILER_GENERATE_SWIFT_ASSET_SYMBOL_EXTENSIONS = YES;
				CLANG_ANALYZER_NONNULL = YES;
				CLANG_ANALYZER_NUMBER_OBJECT_CONVERSION = YES_AGGRESSIVE;
				CLANG_CXX_LANGUAGE_STANDARD = "gnu++20";
				CLANG_ENABLE_MODULES = YES;
				CLANG_ENABLE_OBJC_ARC = YES;
				CLANG_ENABLE_OBJC_WEAK = YES;
				CLANG_WARN_BLOCK_CAPTURE_AUTORELEASING = YES;
				CLANG_WARN_BOOL_CONVERSION = YES;
				CLANG_WARN_COMMA = YES;
				CLANG_WARN_CONSTANT_CONVERSION = YES;
				CLANG_WARN_DEPRECATED_OBJC_IMPLEMENTATIONS = YES;
				CLANG_WARN_DIRECT_OBJC_ISA_USAGE = YES_ERROR;
				CLANG_WARN_DOCUMENTATION_COMMENTS = YES;
				CLANG_WARN_EMPTY_BODY = YES;
				CLANG_WARN_ENUM_CONVERSION = YES;
				CLANG_WARN_INFINITE_RECURSION = YES;
				CLANG_WARN_INT_CONVERSION = YES;
				CLANG_WARN_NON_LITERAL_NULL_CONVERSION = YES;
				CLANG_WARN_OBJC_IMPLICIT_RETAIN_SELF = YES;
				CLANG_WARN_OBJC_LITERAL_CONVERSION = YES;
				CLANG_WARN_OBJC_ROOT_CLASS = YES_ERROR;
				CLANG_WARN_QUOTED_INCLUDE_IN_FRAMEWORK_HEADER = YES;
				CLANG_WARN_RANGE_LOOP_ANALYSIS = YES;
				CLANG_WARN_STRICT_PROTOTYPES = YES;
				CLANG_WARN_SUSPICIOUS_MOVE = YES;
				CLANG_WARN_UNGUARDED_AVAILABILITY = YES_AGGRESSIVE;
				CLANG_WARN_UNREACHABLE_CODE = YES;
				CLANG_WARN__DUPLICATE_METHOD_MATCH = YES;
				COPY_PHASE_STRIP = NO;
				DEBUG_INFORMATION_FORMAT = dwarf;
				ENABLE_STRICT_OBJC_MSGSEND = YES;
				ENABLE_TESTABILITY = YES;
				ENABLE_USER_SCRIPT_SANDBOXING = YES;
				GCC_C_LANGUAGE_STANDARD = gnu17;
				GCC_DYNAMIC_NO_PIC = NO;
				GCC_NO_COMMON_BLOCKS = YES;
				GCC_OPTIMIZATION_LEVEL = 0;
				GCC_PREPROCESSOR_DEFINITIONS = (
					"DEBUG=1",
					"$(inherited)",
				);
				GCC_WARN_64_TO_32_BIT_CONVERSION = YES;
				GCC_WARN_ABOUT_RETURN_TYPE = YES_ERROR;
				GCC_WARN_UNDECLARED_SELECTOR = YES;
				GCC_WARN_UNINITIALIZED_AUTOS = YES_AGGRESSIVE;
				GCC_WARN_UNUSED_FUNCTION = YES;
				GCC_WARN_UNUSED_VARIABLE = YES;
				IPHONEOS_DEPLOYMENT_TARGET = 18.1;
				LOCALIZATION_PREFERS_STRING_CATALOGS = YES;
				MTL_ENABLE_DEBUG_INFO = INCLUDE_SOURCE;
				MTL_FAST_MATH = YES;
				ONLY_ACTIVE_ARCH = YES;
				SDKROOT = iphoneos;
				SWIFT_ACTIVE_COMPILATION_CONDITIONS = "DEBUG $(inherited)";
				SWIFT_OPTIMIZATION_LEVEL = "-Onone";
			};
			name = Debug;
		};
		399B57FE2D67B58B00AE3BC5 /* Release */ = {
			isa = XCBuildConfiguration;
			buildSettings = {
				ALWAYS_SEARCH_USER_PATHS = NO;
				ASSETCATALOG_COMPILER_GENERATE_SWIFT_ASSET_SYMBOL_EXTENSIONS = YES;
				CLANG_ANALYZER_NONNULL = YES;
				CLANG_ANALYZER_NUMBER_OBJECT_CONVERSION = YES_AGGRESSIVE;
				CLANG_CXX_LANGUAGE_STANDARD = "gnu++20";
				CLANG_ENABLE_MODULES = YES;
				CLANG_ENABLE_OBJC_ARC = YES;
				CLANG_ENABLE_OBJC_WEAK = YES;
				CLANG_WARN_BLOCK_CAPTURE_AUTORELEASING = YES;
				CLANG_WARN_BOOL_CONVERSION = YES;
				CLANG_WARN_COMMA = YES;
				CLANG_WARN_CONSTANT_CONVERSION = YES;
				CLANG_WARN_DEPRECATED_OBJC_IMPLEMENTATIONS = YES;
				CLANG_WARN_DIRECT_OBJC_ISA_USAGE = YES_ERROR;
				CLANG_WARN_DOCUMENTATION_COMMENTS = YES;
				CLANG_WARN_EMPTY_BODY = YES;
				CLANG_WARN_ENUM_CONVERSION = YES;
				CLANG_WARN_INFINITE_RECURSION = YES;
				CLANG_WARN_INT_CONVERSION = YES;
				CLANG_WARN_NON_LITERAL_NULL_CONVERSION = YES;
				CLANG_WARN_OBJC_IMPLICIT_RETAIN_SELF = YES;
				CLANG_WARN_OBJC_LITERAL_CONVERSION = YES;
				CLANG_WARN_OBJC_ROOT_CLASS = YES_ERROR;
				CLANG_WARN_QUOTED_INCLUDE_IN_FRAMEWORK_HEADER = YES;
				CLANG_WARN_RANGE_LOOP_ANALYSIS = YES;
				CLANG_WARN_STRICT_PROTOTYPES = YES;
				CLANG_WARN_SUSPICIOUS_MOVE = YES;
				CLANG_WARN_UNGUARDED_AVAILABILITY = YES_AGGRESSIVE;
				CLANG_WARN_UNREACHABLE_CODE = YES;
				CLANG_WARN__DUPLICATE_METHOD_MATCH = YES;
				COPY_PHASE_STRIP = NO;
				DEBUG_INFORMATION_FORMAT = "dwarf-with-dsym";
				ENABLE_NS_ASSERTIONS = NO;
				ENABLE_STRICT_OBJC_MSGSEND = YES;
				ENABLE_USER_SCRIPT_SANDBOXING = YES;
				GCC_C_LANGUAGE_STANDARD = gnu17;
				GCC_NO_COMMON_BLOCKS = YES;
				GCC_WARN_64_TO_32_BIT_CONVERSION = YES;
				GCC_WARN_ABOUT_RETURN_TYPE = YES_ERROR;
				GCC_WARN_UNDECLARED_SELECTOR = YES;
				GCC_WARN_UNINITIALIZED_AUTOS = YES_AGGRESSIVE;
				GCC_WARN_UNUSED_FUNCTION = YES;
				GCC_WARN_UNUSED_VARIABLE = YES;
				IPHONEOS_DEPLOYMENT_TARGET = 18.1;
				LOCALIZATION_PREFERS_STRING_CATALOGS = YES;
				MTL_ENABLE_DEBUG_INFO = NO;
				MTL_FAST_MATH = YES;
				SDKROOT = iphoneos;
				SWIFT_COMPILATION_MODE = wholemodule;
				VALIDATE_PRODUCT = YES;
			};
			name = Release;
		};
		399B58002D67B58B00AE3BC5 /* Debug */ = {
			isa = XCBuildConfiguration;
			buildSettings = {
				ASSETCATALOG_COMPILER_APPICON_NAME = AppIcon;
				ASSETCATALOG_COMPILER_GLOBAL_ACCENT_COLOR_NAME = AccentColor;
				CODE_SIGN_STYLE = Automatic;
				CURRENT_PROJECT_VERSION = 1;
				DEVELOPMENT_ASSET_PATHS = "\"LaBonnePlace/Preview Content\"";
				ENABLE_PREVIEWS = YES;
				GENERATE_INFOPLIST_FILE = YES;
				INFOPLIST_KEY_UIApplicationSceneManifest_Generation = YES;
				INFOPLIST_KEY_UIApplicationSupportsIndirectInputEvents = YES;
				INFOPLIST_KEY_UILaunchScreen_Generation = YES;
				INFOPLIST_KEY_UISupportedInterfaceOrientations_iPad = "UIInterfaceOrientationPortrait UIInterfaceOrientationPortraitUpsideDown UIInterfaceOrientationLandscapeLeft UIInterfaceOrientationLandscapeRight";
				INFOPLIST_KEY_UISupportedInterfaceOrientations_iPhone = "UIInterfaceOrientationPortrait UIInterfaceOrientationLandscapeLeft UIInterfaceOrientationLandscapeRight";
				LD_RUNPATH_SEARCH_PATHS = (
					"$(inherited)",
					"@executable_path/Frameworks",
				);
				MARKETING_VERSION = 1.0;
				PRODUCT_BUNDLE_IDENTIFIER = td.refonte.LaBonnePlace;
				PRODUCT_NAME = "$(TARGET_NAME)";
				SWIFT_EMIT_LOC_STRINGS = YES;
				SWIFT_VERSION = 5.0;
				TARGETED_DEVICE_FAMILY = "1,2";
			};
			name = Debug;
		};
		399B58012D67B58B00AE3BC5 /* Release */ = {
			isa = XCBuildConfiguration;
			buildSettings = {
				ASSETCATALOG_COMPILER_APPICON_NAME = AppIcon;
				ASSETCATALOG_COMPILER_GLOBAL_ACCENT_COLOR_NAME = AccentColor;
				CODE_SIGN_STYLE = Automatic;
				CURRENT_PROJECT_VERSION = 1;
				DEVELOPMENT_ASSET_PATHS = "\"LaBonnePlace/Preview Content\"";
				ENABLE_PREVIEWS = YES;
				GENERATE_INFOPLIST_FILE = YES;
				INFOPLIST_KEY_UIApplicationSceneManifest_Generation = YES;
				INFOPLIST_KEY_UIApplicationSupportsIndirectInputEvents = YES;
				INFOPLIST_KEY_UILaunchScreen_Generation = YES;
				INFOPLIST_KEY_UISupportedInterfaceOrientations_iPad = "UIInterfaceOrientationPortrait UIInterfaceOrientationPortraitUpsideDown UIInterfaceOrientationLandscapeLeft UIInterfaceOrientationLandscapeRight";
				INFOPLIST_KEY_UISupportedInterfaceOrientations_iPhone = "UIInterfaceOrientationPortrait UIInterfaceOrientationLandscapeLeft UIInterfaceOrientationLandscapeRight";
				LD_RUNPATH_SEARCH_PATHS = (
					"$(inherited)",
					"@executable_path/Frameworks",
				);
				MARKETING_VERSION = 1.0;
				PRODUCT_BUNDLE_IDENTIFIER = td.refonte.LaBonnePlace;
				PRODUCT_NAME = "$(TARGET_NAME)";
				SWIFT_EMIT_LOC_STRINGS = YES;
				SWIFT_VERSION = 5.0;
				TARGETED_DEVICE_FAMILY = "1,2";
			};
			name = Release;
		};
		399B58032D67B58B00AE3BC5 /* Debug */ = {
			isa = XCBuildConfiguration;
			buildSettings = {
				BUNDLE_LOADER = "$(TEST_HOST)";
				CODE_SIGN_STYLE = Automatic;
				CURRENT_PROJECT_VERSION = 1;
				GENERATE_INFOPLIST_FILE = YES;
				IPHONEOS_DEPLOYMENT_TARGET = 18.1;
				MARKETING_VERSION = 1.0;
				PRODUCT_BUNDLE_IDENTIFIER = td.refonte.LaBonnePlaceTests;
				PRODUCT_NAME = "$(TARGET_NAME)";
				SWIFT_EMIT_LOC_STRINGS = NO;
				SWIFT_VERSION = 5.0;
				TARGETED_DEVICE_FAMILY = "1,2";
				TEST_HOST = "$(BUILT_PRODUCTS_DIR)/LaBonnePlace.app/$(BUNDLE_EXECUTABLE_FOLDER_PATH)/LaBonnePlace";
			};
			name = Debug;
		};
		399B58042D67B58B00AE3BC5 /* Release */ = {
			isa = XCBuildConfiguration;
			buildSettings = {
				BUNDLE_LOADER = "$(TEST_HOST)";
				CODE_SIGN_STYLE = Automatic;
				CURRENT_PROJECT_VERSION = 1;
				GENERATE_INFOPLIST_FILE = YES;
				IPHONEOS_DEPLOYMENT_TARGET = 18.1;
				MARKETING_VERSION = 1.0;
				PRODUCT_BUNDLE_IDENTIFIER = td.refonte.LaBonnePlaceTests;
				PRODUCT_NAME = "$(TARGET_NAME)";
				SWIFT_EMIT_LOC_STRINGS = NO;
				SWIFT_VERSION = 5.0;
				TARGETED_DEVICE_FAMILY = "1,2";
				TEST_HOST = "$(BUILT_PRODUCTS_DIR)/LaBonnePlace.app/$(BUNDLE_EXECUTABLE_FOLDER_PATH)/LaBonnePlace";
			};
			name = Release;
		};
		399B58062D67B58B00AE3BC5 /* Debug */ = {
			isa = XCBuildConfiguration;
			buildSettings = {
				CODE_SIGN_STYLE = Automatic;
				CURRENT_PROJECT_VERSION = 1;
				GENERATE_INFOPLIST_FILE = YES;
				MARKETING_VERSION = 1.0;
				PRODUCT_BUNDLE_IDENTIFIER = td.refonte.LaBonnePlaceUITests;
				PRODUCT_NAME = "$(TARGET_NAME)";
				SWIFT_EMIT_LOC_STRINGS = NO;
				SWIFT_VERSION = 5.0;
				TARGETED_DEVICE_FAMILY = "1,2";
				TEST_TARGET_NAME = LaBonnePlace;
			};
			name = Debug;
		};
		399B58072D67B58B00AE3BC5 /* Release */ = {
			isa = XCBuildConfiguration;
			buildSettings = {
				CODE_SIGN_STYLE = Automatic;
				CURRENT_PROJECT_VERSION = 1;
				GENERATE_INFOPLIST_FILE = YES;
				MARKETING_VERSION = 1.0;
				PRODUCT_BUNDLE_IDENTIFIER = td.refonte.LaBonnePlaceUITests;
				PRODUCT_NAME = "$(TARGET_NAME)";
				SWIFT_EMIT_LOC_STRINGS = NO;
				SWIFT_VERSION = 5.0;
				TARGETED_DEVICE_FAMILY = "1,2";
				TEST_TARGET_NAME = LaBonnePlace;
			};
			name = Release;
		};
/* End XCBuildConfiguration section */

/* Begin XCConfigurationList section */
		399B57D12D67B58A00AE3BC5 /* Build configuration list for PBXProject "LaBonnePlace" */ = {
			isa = XCConfigurationList;
			buildConfigurations = (
				399B57FD2D67B58B00AE3BC5 /* Debug */,
				399B57FE2D67B58B00AE3BC5 /* Release */,
			);
			defaultConfigurationIsVisible = 0;
			defaultConfigurationName = Release;
		};
		399B57FF2D67B58B00AE3BC5 /* Build configuration list for PBXNativeTarget "LaBonnePlace" */ = {
			isa = XCConfigurationList;
			buildConfigurations = (
				399B58002D67B58B00AE3BC5 /* Debug */,
				399B58012D67B58B00AE3BC5 /* Release */,
			);
			defaultConfigurationIsVisible = 0;
			defaultConfigurationName = Release;
		};
		399B58022D67B58B00AE3BC5 /* Build configuration list for PBXNativeTarget "LaBonnePlaceTests" */ = {
			isa = XCConfigurationList;
			buildConfigurations = (
				399B58032D67B58B00AE3BC5 /* Debug */,
				399B58042D67B58B00AE3BC5 /* Release */,
			);
			defaultConfigurationIsVisible = 0;
			defaultConfigurationName = Release;
		};
		399B58052D67B58B00AE3BC5 /* Build configuration list for PBXNativeTarget "LaBonnePlaceUITests" */ = {
			isa = XCConfigurationList;
			buildConfigurations = (
				399B58062D67B58B00AE3BC5 /* Debug */,
				399B58072D67B58B00AE3BC5 /* Release */,
			);
			defaultConfigurationIsVisible = 0;
			defaultConfigurationName = Release;
		};
/* End XCConfigurationList section */
	};
	rootObject = 399B57CE2D67B58A00AE3BC5 /* Project object */;
}
