// !$*UTF8*$!
{
	archiveVersion = 1;
	classes = {
	};
	objectVersion = 77;
	objects = {

/* Begin PBXBuildFile section */
		385FCF06176AA8BA9B26FEA3 /* Pods_LaBonnePlaceTests.framework in Frameworks */ = {isa = PBXBuildFile; fileRef = E8208B7247D7EBCE18CC8BA9 /* Pods_LaBonnePlaceTests.framework */; };
		622AF1D928EC5BCCFD3E7D9F /* Pods_LaBonnePlace_LaBonnePlaceUITests.framework in Frameworks */ = {isa = PBXBuildFile; fileRef = D8C0F26606A1894C659AD0B6 /* Pods_LaBonnePlace_LaBonnePlaceUITests.framework */; };
		CDC5431DA7B367AEA63259C3 /* Pods_LaBonnePlace.framework in Frameworks */ = {isa = PBXBuildFile; fileRef = 3217B5DF37CF615CB2701EB1 /* Pods_LaBonnePlace.framework */; };
/* End PBXBuildFile section */

/* Begin PBXContainerItemProxy section */
		399B57EC2D67B58B00AE3BC5 /* PBXContainerItemProxy */ = {
			isa = PBXContainerItemProxy;
			containerPortal = 399B57CE2D67B58A00AE3BC5 /* Project object */;
			proxyType = 1;
			remoteGlobalIDString = 399B57D52D67B58A00AE3BC5;
			remoteInfo = LaBonnePlace;
		};
		399B57F62D67B58B00AE3BC5 /* PBXContainerItemProxy */ = {
			isa = PBXContainerItemProxy;
			containerPortal = 399B57CE2D67B58A00AE3BC5 /* Project object */;
			proxyType = 1;
			remoteGlobalIDString = 399B57D52D67B58A00AE3BC5;
			remoteInfo = LaBonnePlace;
		};
/* End PBXContainerItemProxy section */

/* Begin PBXFileReference section */
		2C7CA798B95090127DADA46F /* Pods-LaBonnePlace-LaBonnePlaceUITests.debug.xcconfig */ = {isa = PBXFileReference; includeInIndex = 1; lastKnownFileType = text.xcconfig; name = "Pods-LaBonnePlace-LaBonnePlaceUITests.debug.xcconfig"; path = "Target Support Files/Pods-LaBonnePlace-LaBonnePlaceUITests/Pods-LaBonnePlace-LaBonnePlaceUITests.debug.xcconfig"; sourceTree = "<group>"; };
		3217B5DF37CF615CB2701EB1 /* Pods_LaBonnePlace.framework */ = {isa = PBXFileReference; explicitFileType = wrapper.framework; includeInIndex = 0; path = Pods_LaBonnePlace.framework; sourceTree = BUILT_PRODUCTS_DIR; };
		399B57D62D67B58A00AE3BC5 /* LaBonnePlace.app */ = {isa = PBXFileReference; explicitFileType = wrapper.application; includeInIndex = 0; path = LaBonnePlace.app; sourceTree = BUILT_PRODUCTS_DIR; };
		399B57EB2D67B58B00AE3BC5 /* LaBonnePlaceTests.xctest */ = {isa = PBXFileReference; explicitFileType = wrapper.cfbundle; includeInIndex = 0; path = LaBonnePlaceTests.xctest; sourceTree = BUILT_PRODUCTS_DIR; };
		399B57F52D67B58B00AE3BC5 /* LaBonnePlaceUITests.xctest */ = {isa = PBXFileReference; explicitFileType = wrapper.cfbundle; includeInIndex = 0; path = LaBonnePlaceUITests.xctest; sourceTree = BUILT_PRODUCTS_DIR; };
		550A5CD1E00796168C1C997F /* Pods-LaBonnePlace-LaBonnePlaceUITests.release.xcconfig */ = {isa = PBXFileReference; includeInIndex = 1; lastKnownFileType = text.xcconfig; name = "Pods-LaBonnePlace-LaBonnePlaceUITests.release.xcconfig"; path = "Target Support Files/Pods-LaBonnePlace-LaBonnePlaceUITests/Pods-LaBonnePlace-LaBonnePlaceUITests.release.xcconfig"; sourceTree = "<group>"; };
		71DA147C9D3197FC5291412A /* Pods-LaBonnePlaceTests.release.xcconfig */ = {isa = PBXFileReference; includeInIndex = 1; lastKnownFileType = text.xcconfig; name = "Pods-LaBonnePlaceTests.release.xcconfig"; path = "Target Support Files/Pods-LaBonnePlaceTests/Pods-LaBonnePlaceTests.release.xcconfig"; sourceTree = "<group>"; };
		8DCF86348960EB7C19DE9E51 /* Pods-LaBonnePlace.release.xcconfig */ = {isa = PBXFileReference; includeInIndex = 1; lastKnownFileType = text.xcconfig; name = "Pods-LaBonnePlace.release.xcconfig"; path = "Target Support Files/Pods-LaBonnePlace/Pods-LaBonnePlace.release.xcconfig"; sourceTree = "<group>"; };
		A61B11EAE662EF971ED8A78B /* Pods-LaBonnePlaceTests.debug.xcconfig */ = {isa = PBXFileReference; includeInIndex = 1; lastKnownFileType = text.xcconfig; name = "Pods-LaBonnePlaceTests.debug.xcconfig"; path = "Target Support Files/Pods-LaBonnePlaceTests/Pods-LaBonnePlaceTests.debug.xcconfig"; sourceTree = "<group>"; };
		C8D9DFC8B65D0B04805D6B31 /* Pods-LaBonnePlace.debug.xcconfig */ = {isa = PBXFileReference; includeInIndex = 1; lastKnownFileType = text.xcconfig; name = "Pods-LaBonnePlace.debug.xcconfig"; path = "Target Support Files/Pods-LaBonnePlace/Pods-LaBonnePlace.debug.xcconfig"; sourceTree = "<group>"; };
		D8C0F26606A1894C659AD0B6 /* Pods_LaBonnePlace_LaBonnePlaceUITests.framework */ = {isa = PBXFileReference; explicitFileType = wrapper.framework; includeInIndex = 0; path = Pods_LaBonnePlace_LaBonnePlaceUITests.framework; sourceTree = BUILT_PRODUCTS_DIR; };
		E8208B7247D7EBCE18CC8BA9 /* Pods_LaBonnePlaceTests.framework */ = {isa = PBXFileReference; explicitFileType = wrapper.framework; includeInIndex = 0; path = Pods_LaBonnePlaceTests.framework; sourceTree = BUILT_PRODUCTS_DIR; };
/* End PBXFileReference section */

/* Begin PBXFileSystemSynchronizedRootGroup section */
		399B57D82D67B58A00AE3BC5 /* LaBonnePlace */ = {
			isa = PBXFileSystemSynchronizedRootGroup;
			path = LaBonnePlace;
			sourceTree = "<group>";
		};
		399B57EE2D67B58B00AE3BC5 /* LaBonnePlaceTests */ = {
			isa = PBXFileSystemSynchronizedRootGroup;
			path = LaBonnePlaceTests;
			sourceTree = "<group>";
		};
		399B57F82D67B58B00AE3BC5 /* LaBonnePlaceUITests */ = {
			isa = PBXFileSystemSynchronizedRootGroup;
			path = LaBonnePlaceUITests;
			sourceTree = "<group>";
		};
/* End PBXFileSystemSynchronizedRootGroup section */

/* Begin PBXFrameworksBuildPhase section */
		399B57D32D67B58A00AE3BC5 /* Frameworks */ = {
			isa = PBXFrameworksBuildPhase;
			buildActionMask = 2147483647;
			files = (
				CDC5431DA7B367AEA63259C3 /* Pods_LaBonnePlace.framework in Frameworks */,
			);
			runOnlyForDeploymentPostprocessing = 0;
		};
		399B57E82D67B58B00AE3BC5 /* Frameworks */ = {
			isa = PBXFrameworksBuildPhase;
			buildActionMask = 2147483647;
			files = (
				385FCF06176AA8BA9B26FEA3 /* Pods_LaBonnePlaceTests.framework in Frameworks */,
			);
			runOnlyForDeploymentPostprocessing = 0;
		};
		399B57F22D67B58B00AE3BC5 /* Frameworks */ = {
			isa = PBXFrameworksBuildPhase;
			buildActionMask = 2147483647;
			files = (
				622AF1D928EC5BCCFD3E7D9F /* Pods_LaBonnePlace_LaBonnePlaceUITests.framework in Frameworks */,
			);
			runOnlyForDeploymentPostprocessing = 0;
		};
/* End PBXFrameworksBuildPhase section */

/* Begin PBXGroup section */
		399B57CD2D67B58A00AE3BC5 = {
			isa = PBXGroup;
			children = (
				399B57D82D67B58A00AE3BC5 /* LaBonnePlace */,
				399B57EE2D67B58B00AE3BC5 /* LaBonnePlaceTests */,
				399B57F82D67B58B00AE3BC5 /* LaBonnePlaceUITests */,
				399B57D72D67B58A00AE3BC5 /* Products */,
				737CC9979EEAC661CBD391B4 /* Pods */,
				C516E29FA67232AE186AB33B /* Frameworks */,
			);
			sourceTree = "<group>";
		};
		399B57D72D67B58A00AE3BC5 /* Products */ = {
			isa = PBXGroup;
			children = (
				399B57D62D67B58A00AE3BC5 /* LaBonnePlace.app */,
				399B57EB2D67B58B00AE3BC5 /* LaBonnePlaceTests.xctest */,
				399B57F52D67B58B00AE3BC5 /* LaBonnePlaceUITests.xctest */,
			);
			name = Products;
			sourceTree = "<group>";
		};
		737CC9979EEAC661CBD391B4 /* Pods */ = {
			isa = PBXGroup;
			children = (
				C8D9DFC8B65D0B04805D6B31 /* Pods-LaBonnePlace.debug.xcconfig */,
				8DCF86348960EB7C19DE9E51 /* Pods-LaBonnePlace.release.xcconfig */,
				2C7CA798B95090127DADA46F /* Pods-LaBonnePlace-LaBonnePlaceUITests.debug.xcconfig */,
				550A5CD1E00796168C1C997F /* Pods-LaBonnePlace-LaBonnePlaceUITests.release.xcconfig */,
				A61B11EAE662EF971ED8A78B /* Pods-LaBonnePlaceTests.debug.xcconfig */,
				71DA147C9D3197FC5291412A /* Pods-LaBonnePlaceTests.release.xcconfig */,
			);
			path = Pods;
			sourceTree = "<group>";
		};
		C516E29FA67232AE186AB33B /* Frameworks */ = {
			isa = PBXGroup;
			children = (
				3217B5DF37CF615CB2701EB1 /* Pods_LaBonnePlace.framework */,
				D8C0F26606A1894C659AD0B6 /* Pods_LaBonnePlace_LaBonnePlaceUITests.framework */,
				E8208B7247D7EBCE18CC8BA9 /* Pods_LaBonnePlaceTests.framework */,
			);
			name = Frameworks;
			sourceTree = "<group>";
		};
/* End PBXGroup section */

/* Begin PBXNativeTarget section */
		399B57D52D67B58A00AE3BC5 /* LaBonnePlace */ = {
			isa = PBXNativeTarget;
			buildConfigurationList = 399B57FF2D67B58B00AE3BC5 /* Build configuration list for PBXNativeTarget "LaBonnePlace" */;
			buildPhases = (
				59A5BAABC52C18FFF6985A45 /* [CP] Check Pods Manifest.lock */,
				399B57D22D67B58A00AE3BC5 /* Sources */,
				399B57D32D67B58A00AE3BC5 /* Frameworks */,
				399B57D42D67B58A00AE3BC5 /* Resources */,
				90D807BC778E18AFEAEA336A /* [CP] Embed Pods Frameworks */,
			);
			buildRules = (
			);
			dependencies = (
			);
			fileSystemSynchronizedGroups = (
				399B57D82D67B58A00AE3BC5 /* LaBonnePlace */,
			);
			name = LaBonnePlace;
			productName = LaBonnePlace;
			productReference = 399B57D62D67B58A00AE3BC5 /* LaBonnePlace.app */;
			productType = "com.apple.product-type.application";
		};
		399B57EA2D67B58B00AE3BC5 /* LaBonnePlaceTests */ = {
			isa = PBXNativeTarget;
			buildConfigurationList = 399B58022D67B58B00AE3BC5 /* Build configuration list for PBXNativeTarget "LaBonnePlaceTests" */;
			buildPhases = (
				9FBC05533881FD8E228FBBDB /* [CP] Check Pods Manifest.lock */,
				399B57E72D67B58B00AE3BC5 /* Sources */,
				399B57E82D67B58B00AE3BC5 /* Frameworks */,
				399B57E92D67B58B00AE3BC5 /* Resources */,
			);
			buildRules = (
			);
			dependencies = (
				399B57ED2D67B58B00AE3BC5 /* PBXTargetDependency */,
			);
			fileSystemSynchronizedGroups = (
				399B57EE2D67B58B00AE3BC5 /* LaBonnePlaceTests */,
			);
			name = LaBonnePlaceTests;
			productName = LaBonnePlaceTests;
			productReference = 399B57EB2D67B58B00AE3BC5 /* LaBonnePlaceTests.xctest */;
			productType = "com.apple.product-type.bundle.unit-test";
		};
		399B57F42D67B58B00AE3BC5 /* LaBonnePlaceUITests */ = {
			isa = PBXNativeTarget;
			buildConfigurationList = 399B58052D67B58B00AE3BC5 /* Build configuration list for PBXNativeTarget "LaBonnePlaceUITests" */;
			buildPhases = (
				45171D23531F1AF77504601B /* [CP] Check Pods Manifest.lock */,
				399B57F12D67B58B00AE3BC5 /* Sources */,
				399B57F22D67B58B00AE3BC5 /* Frameworks */,
				399B57F32D67B58B00AE3BC5 /* Resources */,
				F254183B642C7644C923A47E /* [CP] Embed Pods Frameworks */,
			);
			buildRules = (
			);
			dependencies = (
				399B57F72D67B58B00AE3BC5 /* PBXTargetDependency */,
			);
			fileSystemSynchronizedGroups = (
				399B57F82D67B58B00AE3BC5 /* LaBonnePlaceUITests */,
			);
			name = LaBonnePlaceUITests;
			productName = LaBonnePlaceUITests;
			productReference = 399B57F52D67B58B00AE3BC5 /* LaBonnePlaceUITests.xctest */;
			productType = "com.apple.product-type.bundle.ui-testing";
		};
/* End PBXNativeTarget section */

/* Begin PBXProject section */
		399B57CE2D67B58A00AE3BC5 /* Project object */ = {
			isa = PBXProject;
			attributes = {
				BuildIndependentTargetsInParallel = 1;
				LastSwiftUpdateCheck = 1610;
				LastUpgradeCheck = 1610;
				TargetAttributes = {
					399B57D52D67B58A00AE3BC5 = {
						CreatedOnToolsVersion = 16.1;
					};
					399B57EA2D67B58B00AE3BC5 = {
						CreatedOnToolsVersion = 16.1;
						TestTargetID = 399B57D52D67B58A00AE3BC5;
					};
					399B57F42D67B58B00AE3BC5 = {
						CreatedOnToolsVersion = 16.1;
						TestTargetID = 399B57D52D67B58A00AE3BC5;
					};
				};
			};
			buildConfigurationList = 399B57D12D67B58A00AE3BC5 /* Build configuration list for PBXProject "LaBonnePlace" */;
			developmentRegion = en;
			hasScannedForEncodings = 0;
			knownRegions = (
				en,
				Base,
			);
			mainGroup = 399B57CD2D67B58A00AE3BC5;
			minimizedProjectReferenceProxies = 1;
			preferredProjectObjectVersion = 77;
			productRefGroup = 399B57D72D67B58A00AE3BC5 /* Products */;
			projectDirPath = "";
			projectRoot = "";
			targets = (
				399B57D52D67B58A00AE3BC5 /* LaBonnePlace */,
				399B57EA2D67B58B00AE3BC5 /* LaBonnePlaceTests */,
				399B57F42D67B58B00AE3BC5 /* LaBonnePlaceUITests */,
			);
		};
/* End PBXProject section */

/* Begin PBXResourcesBuildPhase section */
		399B57D42D67B58A00AE3BC5 /* Resources */ = {
			isa = PBXResourcesBuildPhase;
			buildActionMask = 2147483647;
			files = (
			);
			runOnlyForDeploymentPostprocessing = 0;
		};
		399B57E92D67B58B00AE3BC5 /* Resources */ = {
			isa = PBXResourcesBuildPhase;
			buildActionMask = 2147483647;
			files = (
			);
			runOnlyForDeploymentPostprocessing = 0;
		};
		399B57F32D67B58B00AE3BC5 /* Resources */ = {
			isa = PBXResourcesBuildPhase;
			buildActionMask = 2147483647;
			files = (
			);
			runOnlyForDeploymentPostprocessing = 0;
		};
/* End PBXResourcesBuildPhase section */

/* Begin PBXShellScriptBuildPhase section */
		45171D23531F1AF77504601B /* [CP] Check Pods Manifest.lock */ = {
			isa = PBXShellScriptBuildPhase;
			buildActionMask = 2147483647;
			files = (
			);
			inputFileListPaths = (
			);
			inputPaths = (
				"${PODS_PODFILE_DIR_PATH}/Podfile.lock",
				"${PODS_ROOT}/Manifest.lock",
			);
			name = "[CP] Check Pods Manifest.lock";
			outputFileListPaths = (
			);
			outputPaths = (
				"$(DERIVED_FILE_DIR)/Pods-LaBonnePlace-LaBonnePlaceUITests-checkManifestLockResult.txt",
			);
			runOnlyForDeploymentPostprocessing = 0;
			shellPath = /bin/sh;
			shellScript = "diff \"${PODS_PODFILE_DIR_PATH}/Podfile.lock\" \"${PODS_ROOT}/Manifest.lock\" > /dev/null\nif [ $? != 0 ] ; then\n    # print error to STDERR\n    echo \"error: The sandbox is not in sync with the Podfile.lock. Run 'pod install' or update your CocoaPods installation.\" >&2\n    exit 1\nfi\n# This output is used by Xcode 'outputs' to avoid re-running this script phase.\necho \"SUCCESS\" > \"${SCRIPT_OUTPUT_FILE_0}\"\n";
			showEnvVarsInLog = 0;
		};
		59A5BAABC52C18FFF6985A45 /* [CP] Check Pods Manifest.lock */ = {
			isa = PBXShellScriptBuildPhase;
			buildActionMask = 2147483647;
			files = (
			);
			inputFileListPaths = (
			);
			inputPaths = (
				"${PODS_PODFILE_DIR_PATH}/Podfile.lock",
				"${PODS_ROOT}/Manifest.lock",
			);
			name = "[CP] Check Pods Manifest.lock";
			outputFileListPaths = (
			);
			outputPaths = (
				"$(DERIVED_FILE_DIR)/Pods-LaBonnePlace-checkManifestLockResult.txt",
			);
			runOnlyForDeploymentPostprocessing = 0;
			shellPath = /bin/sh;
			shellScript = "diff \"${PODS_PODFILE_DIR_PATH}/Podfile.lock\" \"${PODS_ROOT}/Manifest.lock\" > /dev/null\nif [ $? != 0 ] ; then\n    # print error to STDERR\n    echo \"error: The sandbox is not in sync with the Podfile.lock. Run 'pod install' or update your CocoaPods installation.\" >&2\n    exit 1\nfi\n# This output is used by Xcode 'outputs' to avoid re-running this script phase.\necho \"SUCCESS\" > \"${SCRIPT_OUTPUT_FILE_0}\"\n";
			showEnvVarsInLog = 0;
		};
		90D807BC778E18AFEAEA336A /* [CP] Embed Pods Frameworks */ = {
			isa = PBXShellScriptBuildPhase;
			buildActionMask = 2147483647;
			files = (
			);
			inputFileListPaths = (
				"${PODS_ROOT}/Target Support Files/Pods-LaBonnePlace/Pods-LaBonnePlace-frameworks-${CONFIGURATION}-input-files.xcfilelist",
			);
			name = "[CP] Embed Pods Frameworks";
			outputFileListPaths = (
				"${PODS_ROOT}/Target Support Files/Pods-LaBonnePlace/Pods-LaBonnePlace-frameworks-${CONFIGURATION}-output-files.xcfilelist",
			);
			runOnlyForDeploymentPostprocessing = 0;
			shellPath = /bin/sh;
			shellScript = "\"${PODS_ROOT}/Target Support Files/Pods-LaBonnePlace/Pods-LaBonnePlace-frameworks.sh\"\n";
			showEnvVarsInLog = 0;
		};
		9FBC05533881FD8E228FBBDB /* [CP] Check Pods Manifest.lock */ = {
			isa = PBXShellScriptBuildPhase;
			buildActionMask = 2147483647;
			files = (
			);
			inputFileListPaths = (
			);
			inputPaths = (
				"${PODS_PODFILE_DIR_PATH}/Podfile.lock",
				"${PODS_ROOT}/Manifest.lock",
			);
			name = "[CP] Check Pods Manifest.lock";
			outputFileListPaths = (
			);
			outputPaths = (
				"$(DERIVED_FILE_DIR)/Pods-LaBonnePlaceTests-checkManifestLockResult.txt",
			);
			runOnlyForDeploymentPostprocessing = 0;
			shellPath = /bin/sh;
			shellScript = "diff \"${PODS_PODFILE_DIR_PATH}/Podfile.lock\" \"${PODS_ROOT}/Manifest.lock\" > /dev/null\nif [ $? != 0 ] ; then\n    # print error to STDERR\n    echo \"error: The sandbox is not in sync with the Podfile.lock. Run 'pod install' or update your CocoaPods installation.\" >&2\n    exit 1\nfi\n# This output is used by Xcode 'outputs' to avoid re-running this script phase.\necho \"SUCCESS\" > \"${SCRIPT_OUTPUT_FILE_0}\"\n";
			showEnvVarsInLog = 0;
		};
		F254183B642C7644C923A47E /* [CP] Embed Pods Frameworks */ = {
			isa = PBXShellScriptBuildPhase;
			buildActionMask = 2147483647;
			files = (
			);
			inputFileListPaths = (
				"${PODS_ROOT}/Target Support Files/Pods-LaBonnePlace-LaBonnePlaceUITests/Pods-LaBonnePlace-LaBonnePlaceUITests-frameworks-${CONFIGURATION}-input-files.xcfilelist",
			);
			name = "[CP] Embed Pods Frameworks";
			outputFileListPaths = (
				"${PODS_ROOT}/Target Support Files/Pods-LaBonnePlace-LaBonnePlaceUITests/Pods-LaBonnePlace-LaBonnePlaceUITests-frameworks-${CONFIGURATION}-output-files.xcfilelist",
			);
			runOnlyForDeploymentPostprocessing = 0;
			shellPath = /bin/sh;
			shellScript = "\"${PODS_ROOT}/Target Support Files/Pods-LaBonnePlace-LaBonnePlaceUITests/Pods-LaBonnePlace-LaBonnePlaceUITests-frameworks.sh\"\n";
			showEnvVarsInLog = 0;
		};
/* End PBXShellScriptBuildPhase section */

/* Begin PBXSourcesBuildPhase section */
		399B57D22D67B58A00AE3BC5 /* Sources */ = {
			isa = PBXSourcesBuildPhase;
			buildActionMask = 2147483647;
			files = (
			);
			runOnlyForDeploymentPostprocessing = 0;
		};
		399B57E72D67B58B00AE3BC5 /* Sources */ = {
			isa = PBXSourcesBuildPhase;
			buildActionMask = 2147483647;
			files = (
			);
			runOnlyForDeploymentPostprocessing = 0;
		};
		399B57F12D67B58B00AE3BC5 /* Sources */ = {
			isa = PBXSourcesBuildPhase;
			buildActionMask = 2147483647;
			files = (
			);
			runOnlyForDeploymentPostprocessing = 0;
		};
/* End PBXSourcesBuildPhase section */

/* Begin PBXTargetDependency section */
		399B57ED2D67B58B00AE3BC5 /* PBXTargetDependency */ = {
			isa = PBXTargetDependency;
			target = 399B57D52D67B58A00AE3BC5 /* LaBonnePlace */;
			targetProxy = 399B57EC2D67B58B00AE3BC5 /* PBXContainerItemProxy */;
		};
		399B57F72D67B58B00AE3BC5 /* PBXTargetDependency */ = {
			isa = PBXTargetDependency;
			target = 399B57D52D67B58A00AE3BC5 /* LaBonnePlace */;
			targetProxy = 399B57F62D67B58B00AE3BC5 /* PBXContainerItemProxy */;
		};
/* End PBXTargetDependency section */

/* Begin XCBuildConfiguration section */
		399B57FD2D67B58B00AE3BC5 /* Debug */ = {
			isa = XCBuildConfiguration;
			buildSettings = {
				ALWAYS_SEARCH_USER_PATHS = NO;
				ASSETCATALOG_COMPILER_GENERATE_SWIFT_ASSET_SYMBOL_EXTENSIONS = YES;
				CLANG_ANALYZER_NONNULL = YES;
				CLANG_ANALYZER_NUMBER_OBJECT_CONVERSION = YES_AGGRESSIVE;
				CLANG_CXX_LANGUAGE_STANDARD = "gnu++20";
				CLANG_ENABLE_MODULES = YES;
				CLANG_ENABLE_OBJC_ARC = YES;
				CLANG_ENABLE_OBJC_WEAK = YES;
				CLANG_WARN_BLOCK_CAPTURE_AUTORELEASING = YES;
				CLANG_WARN_BOOL_CONVERSION = YES;
				CLANG_WARN_COMMA = YES;
				CLANG_WARN_CONSTANT_CONVERSION = YES;
				CLANG_WARN_DEPRECATED_OBJC_IMPLEMENTATIONS = YES;
				CLANG_WARN_DIRECT_OBJC_ISA_USAGE = YES_ERROR;
				CLANG_WARN_DOCUMENTATION_COMMENTS = YES;
				CLANG_WARN_EMPTY_BODY = YES;
				CLANG_WARN_ENUM_CONVERSION = YES;
				CLANG_WARN_INFINITE_RECURSION = YES;
				CLANG_WARN_INT_CONVERSION = YES;
				CLANG_WARN_NON_LITERAL_NULL_CONVERSION = YES;
				CLANG_WARN_OBJC_IMPLICIT_RETAIN_SELF = YES;
				CLANG_WARN_OBJC_LITERAL_CONVERSION = YES;
				CLANG_WARN_OBJC_ROOT_CLASS = YES_ERROR;
				CLANG_WARN_QUOTED_INCLUDE_IN_FRAMEWORK_HEADER = YES;
				CLANG_WARN_RANGE_LOOP_ANALYSIS = YES;
				CLANG_WARN_STRICT_PROTOTYPES = YES;
				CLANG_WARN_SUSPICIOUS_MOVE = YES;
				CLANG_WARN_UNGUARDED_AVAILABILITY = YES_AGGRESSIVE;
				CLANG_WARN_UNREACHABLE_CODE = YES;
				CLANG_WARN__DUPLICATE_METHOD_MATCH = YES;
				COPY_PHASE_STRIP = NO;
				DEBUG_INFORMATION_FORMAT = dwarf;
				ENABLE_STRICT_OBJC_MSGSEND = YES;
				ENABLE_TESTABILITY = YES;
				ENABLE_USER_SCRIPT_SANDBOXING = NO;
				GCC_C_LANGUAGE_STANDARD = gnu17;
				GCC_DYNAMIC_NO_PIC = NO;
				GCC_NO_COMMON_BLOCKS = YES;
				GCC_OPTIMIZATION_LEVEL = 0;
				GCC_PREPROCESSOR_DEFINITIONS = (
					"DEBUG=1",
					"$(inherited)",
				);
				GCC_WARN_64_TO_32_BIT_CONVERSION = YES;
				GCC_WARN_ABOUT_RETURN_TYPE = YES_ERROR;
				GCC_WARN_UNDECLARED_SELECTOR = YES;
				GCC_WARN_UNINITIALIZED_AUTOS = YES_AGGRESSIVE;
				GCC_WARN_UNUSED_FUNCTION = YES;
				GCC_WARN_UNUSED_VARIABLE = YES;
				IPHONEOS_DEPLOYMENT_TARGET = 18.0;
				LOCALIZATION_PREFERS_STRING_CATALOGS = YES;
				MTL_ENABLE_DEBUG_INFO = INCLUDE_SOURCE;
				MTL_FAST_MATH = YES;
				ONLY_ACTIVE_ARCH = YES;
				SDKROOT = iphoneos;
				SWIFT_ACTIVE_COMPILATION_CONDITIONS = "DEBUG $(inherited)";
				SWIFT_OPTIMIZATION_LEVEL = "-Onone";
			};
			name = Debug;
		};
		399B57FE2D67B58B00AE3BC5 /* Release */ = {
			isa = XCBuildConfiguration;
			buildSettings = {
				ALWAYS_SEARCH_USER_PATHS = NO;
				ASSETCATALOG_COMPILER_GENERATE_SWIFT_ASSET_SYMBOL_EXTENSIONS = YES;
				CLANG_ANALYZER_NONNULL = YES;
				CLANG_ANALYZER_NUMBER_OBJECT_CONVERSION = YES_AGGRESSIVE;
				CLANG_CXX_LANGUAGE_STANDARD = "gnu++20";
				CLANG_ENABLE_MODULES = YES;
				CLANG_ENABLE_OBJC_ARC = YES;
				CLANG_ENABLE_OBJC_WEAK = YES;
				CLANG_WARN_BLOCK_CAPTURE_AUTORELEASING = YES;
				CLANG_WARN_BOOL_CONVERSION = YES;
				CLANG_WARN_COMMA = YES;
				CLANG_WARN_CONSTANT_CONVERSION = YES;
				CLANG_WARN_DEPRECATED_OBJC_IMPLEMENTATIONS = YES;
				CLANG_WARN_DIRECT_OBJC_ISA_USAGE = YES_ERROR;
				CLANG_WARN_DOCUMENTATION_COMMENTS = YES;
				CLANG_WARN_EMPTY_BODY = YES;
				CLANG_WARN_ENUM_CONVERSION = YES;
				CLANG_WARN_INFINITE_RECURSION = YES;
				CLANG_WARN_INT_CONVERSION = YES;
				CLANG_WARN_NON_LITERAL_NULL_CONVERSION = YES;
				CLANG_WARN_OBJC_IMPLICIT_RETAIN_SELF = YES;
				CLANG_WARN_OBJC_LITERAL_CONVERSION = YES;
				CLANG_WARN_OBJC_ROOT_CLASS = YES_ERROR;
				CLANG_WARN_QUOTED_INCLUDE_IN_FRAMEWORK_HEADER = YES;
				CLANG_WARN_RANGE_LOOP_ANALYSIS = YES;
				CLANG_WARN_STRICT_PROTOTYPES = YES;
				CLANG_WARN_SUSPICIOUS_MOVE = YES;
				CLANG_WARN_UNGUARDED_AVAILABILITY = YES_AGGRESSIVE;
				CLANG_WARN_UNREACHABLE_CODE = YES;
				CLANG_WARN__DUPLICATE_METHOD_MATCH = YES;
				COPY_PHASE_STRIP = NO;
				DEBUG_INFORMATION_FORMAT = "dwarf-with-dsym";
				ENABLE_NS_ASSERTIONS = NO;
				ENABLE_STRICT_OBJC_MSGSEND = YES;
				ENABLE_USER_SCRIPT_SANDBOXING = NO;
				GCC_C_LANGUAGE_STANDARD = gnu17;
				GCC_NO_COMMON_BLOCKS = YES;
				GCC_WARN_64_TO_32_BIT_CONVERSION = YES;
				GCC_WARN_ABOUT_RETURN_TYPE = YES_ERROR;
				GCC_WARN_UNDECLARED_SELECTOR = YES;
				GCC_WARN_UNINITIALIZED_AUTOS = YES_AGGRESSIVE;
				GCC_WARN_UNUSED_FUNCTION = YES;
				GCC_WARN_UNUSED_VARIABLE = YES;
				IPHONEOS_DEPLOYMENT_TARGET = 18.0;
				LOCALIZATION_PREFERS_STRING_CATALOGS = YES;
				MTL_ENABLE_DEBUG_INFO = NO;
				MTL_FAST_MATH = YES;
				SDKROOT = iphoneos;
				SWIFT_COMPILATION_MODE = wholemodule;
				VALIDATE_PRODUCT = YES;
			};
			name = Release;
		};
		399B58002D67B58B00AE3BC5 /* Debug */ = {
			isa = XCBuildConfiguration;
			baseConfigurationReference = C8D9DFC8B65D0B04805D6B31 /* Pods-LaBonnePlace.debug.xcconfig */;
			buildSettings = {
				ASSETCATALOG_COMPILER_APPICON_NAME = AppIcon;
				ASSETCATALOG_COMPILER_GLOBAL_ACCENT_COLOR_NAME = AccentColor;
				CODE_SIGN_STYLE = Automatic;
				CURRENT_PROJECT_VERSION = 1;
				DEVELOPMENT_ASSET_PATHS = "\"LaBonnePlace/Preview Content\"";
				ENABLE_PREVIEWS = YES;
				GENERATE_INFOPLIST_FILE = YES;
				INFOPLIST_KEY_UIApplicationSceneManifest_Generation = YES;
				INFOPLIST_KEY_UIApplicationSupportsIndirectInputEvents = YES;
				INFOPLIST_KEY_UILaunchScreen_Generation = YES;
				INFOPLIST_KEY_UISupportedInterfaceOrientations_iPad = "UIInterfaceOrientationPortrait UIInterfaceOrientationPortraitUpsideDown UIInterfaceOrientationLandscapeLeft UIInterfaceOrientationLandscapeRight";
				INFOPLIST_KEY_UISupportedInterfaceOrientations_iPhone = "UIInterfaceOrientationPortrait UIInterfaceOrientationLandscapeLeft UIInterfaceOrientationLandscapeRight";
				IPHONEOS_DEPLOYMENT_TARGET = 15.6;
				LD_RUNPATH_SEARCH_PATHS = (
					"$(inherited)",
					"@executable_path/Frameworks",
				);
				MARKETING_VERSION = 1.0;
				PRODUCT_BUNDLE_IDENTIFIER = td.refonte.LaBonnePlace;
				PRODUCT_NAME = "$(TARGET_NAME)";
				SWIFT_EMIT_LOC_STRINGS = YES;
				SWIFT_VERSION = 5.0;
				TARGETED_DEVICE_FAMILY = "1,2";
			};
			name = Debug;
		};
		399B58012D67B58B00AE3BC5 /* Release */ = {
			isa = XCBuildConfiguration;
			baseConfigurationReference = 8DCF86348960EB7C19DE9E51 /* Pods-LaBonnePlace.release.xcconfig */;
			buildSettings = {
				ASSETCATALOG_COMPILER_APPICON_NAME = AppIcon;
				ASSETCATALOG_COMPILER_GLOBAL_ACCENT_COLOR_NAME = AccentColor;
				CODE_SIGN_STYLE = Automatic;
				CURRENT_PROJECT_VERSION = 1;
				DEVELOPMENT_ASSET_PATHS = "\"LaBonnePlace/Preview Content\"";
				ENABLE_PREVIEWS = YES;
				GENERATE_INFOPLIST_FILE = YES;
				INFOPLIST_KEY_UIApplicationSceneManifest_Generation = YES;
				INFOPLIST_KEY_UIApplicationSupportsIndirectInputEvents = YES;
				INFOPLIST_KEY_UILaunchScreen_Generation = YES;
				INFOPLIST_KEY_UISupportedInterfaceOrientations_iPad = "UIInterfaceOrientationPortrait UIInterfaceOrientationPortraitUpsideDown UIInterfaceOrientationLandscapeLeft UIInterfaceOrientationLandscapeRight";
				INFOPLIST_KEY_UISupportedInterfaceOrientations_iPhone = "UIInterfaceOrientationPortrait UIInterfaceOrientationLandscapeLeft UIInterfaceOrientationLandscapeRight";
				IPHONEOS_DEPLOYMENT_TARGET = 15.6;
				LD_RUNPATH_SEARCH_PATHS = (
					"$(inherited)",
					"@executable_path/Frameworks",
				);
				MARKETING_VERSION = 1.0;
				PRODUCT_BUNDLE_IDENTIFIER = td.refonte.LaBonnePlace;
				PRODUCT_NAME = "$(TARGET_NAME)";
				SWIFT_EMIT_LOC_STRINGS = YES;
				SWIFT_VERSION = 5.0;
				TARGETED_DEVICE_FAMILY = "1,2";
			};
			name = Release;
		};
		399B58032D67B58B00AE3BC5 /* Debug */ = {
			isa = XCBuildConfiguration;
			baseConfigurationReference = A61B11EAE662EF971ED8A78B /* Pods-LaBonnePlaceTests.debug.xcconfig */;
			buildSettings = {
				BUNDLE_LOADER = "$(TEST_HOST)";
				CODE_SIGN_STYLE = Automatic;
				CURRENT_PROJECT_VERSION = 1;
				GENERATE_INFOPLIST_FILE = YES;
				IPHONEOS_DEPLOYMENT_TARGET = 18.1;
				MARKETING_VERSION = 1.0;
				PRODUCT_BUNDLE_IDENTIFIER = td.refonte.LaBonnePlaceTests;
				PRODUCT_NAME = "$(TARGET_NAME)";
				SWIFT_EMIT_LOC_STRINGS = NO;
				SWIFT_VERSION = 5.0;
				TARGETED_DEVICE_FAMILY = "1,2";
				TEST_HOST = "$(BUILT_PRODUCTS_DIR)/LaBonnePlace.app/$(BUNDLE_EXECUTABLE_FOLDER_PATH)/LaBonnePlace";
			};
			name = Debug;
		};
		399B58042D67B58B00AE3BC5 /* Release */ = {
			isa = XCBuildConfiguration;
			baseConfigurationReference = 71DA147C9D3197FC5291412A /* Pods-LaBonnePlaceTests.release.xcconfig */;
			buildSettings = {
				BUNDLE_LOADER = "$(TEST_HOST)";
				CODE_SIGN_STYLE = Automatic;
				CURRENT_PROJECT_VERSION = 1;
				GENERATE_INFOPLIST_FILE = YES;
				IPHONEOS_DEPLOYMENT_TARGET = 18.1;
				MARKETING_VERSION = 1.0;
				PRODUCT_BUNDLE_IDENTIFIER = td.refonte.LaBonnePlaceTests;
				PRODUCT_NAME = "$(TARGET_NAME)";
				SWIFT_EMIT_LOC_STRINGS = NO;
				SWIFT_VERSION = 5.0;
				TARGETED_DEVICE_FAMILY = "1,2";
				TEST_HOST = "$(BUILT_PRODUCTS_DIR)/LaBonnePlace.app/$(BUNDLE_EXECUTABLE_FOLDER_PATH)/LaBonnePlace";
			};
			name = Release;
		};
		399B58062D67B58B00AE3BC5 /* Debug */ = {
			isa = XCBuildConfiguration;
			baseConfigurationReference = 2C7CA798B95090127DADA46F /* Pods-LaBonnePlace-LaBonnePlaceUITests.debug.xcconfig */;
			buildSettings = {
				CODE_SIGN_STYLE = Automatic;
				CURRENT_PROJECT_VERSION = 1;
				GENERATE_INFOPLIST_FILE = YES;
				MARKETING_VERSION = 1.0;
				PRODUCT_BUNDLE_IDENTIFIER = td.refonte.LaBonnePlaceUITests;
				PRODUCT_NAME = "$(TARGET_NAME)";
				SWIFT_EMIT_LOC_STRINGS = NO;
				SWIFT_VERSION = 5.0;
				TARGETED_DEVICE_FAMILY = "1,2";
				TEST_TARGET_NAME = LaBonnePlace;
			};
			name = Debug;
		};
		399B58072D67B58B00AE3BC5 /* Release */ = {
			isa = XCBuildConfiguration;
			baseConfigurationReference = 550A5CD1E00796168C1C997F /* Pods-LaBonnePlace-LaBonnePlaceUITests.release.xcconfig */;
			buildSettings = {
				CODE_SIGN_STYLE = Automatic;
				CURRENT_PROJECT_VERSION = 1;
				GENERATE_INFOPLIST_FILE = YES;
				MARKETING_VERSION = 1.0;
				PRODUCT_BUNDLE_IDENTIFIER = td.refonte.LaBonnePlaceUITests;
				PRODUCT_NAME = "$(TARGET_NAME)";
				SWIFT_EMIT_LOC_STRINGS = NO;
				SWIFT_VERSION = 5.0;
				TARGETED_DEVICE_FAMILY = "1,2";
				TEST_TARGET_NAME = LaBonnePlace;
			};
			name = Release;
		};
/* End XCBuildConfiguration section */

/* Begin XCConfigurationList section */
		399B57D12D67B58A00AE3BC5 /* Build configuration list for PBXProject "LaBonnePlace" */ = {
			isa = XCConfigurationList;
			buildConfigurations = (
				399B57FD2D67B58B00AE3BC5 /* Debug */,
				399B57FE2D67B58B00AE3BC5 /* Release */,
			);
			defaultConfigurationIsVisible = 0;
			defaultConfigurationName = Release;
		};
		399B57FF2D67B58B00AE3BC5 /* Build configuration list for PBXNativeTarget "LaBonnePlace" */ = {
			isa = XCConfigurationList;
			buildConfigurations = (
				399B58002D67B58B00AE3BC5 /* Debug */,
				399B58012D67B58B00AE3BC5 /* Release */,
			);
			defaultConfigurationIsVisible = 0;
			defaultConfigurationName = Release;
		};
		399B58022D67B58B00AE3BC5 /* Build configuration list for PBXNativeTarget "LaBonnePlaceTests" */ = {
			isa = XCConfigurationList;
			buildConfigurations = (
				399B58032D67B58B00AE3BC5 /* Debug */,
				399B58042D67B58B00AE3BC5 /* Release */,
			);
			defaultConfigurationIsVisible = 0;
			defaultConfigurationName = Release;
		};
		399B58052D67B58B00AE3BC5 /* Build configuration list for PBXNativeTarget "LaBonnePlaceUITests" */ = {
			isa = XCConfigurationList;
			buildConfigurations = (
				399B58062D67B58B00AE3BC5 /* Debug */,
				399B58072D67B58B00AE3BC5 /* Release */,
			);
			defaultConfigurationIsVisible = 0;
			defaultConfigurationName = Release;
		};
/* End XCConfigurationList section */
	};
	rootObject = 399B57CE2D67B58A00AE3BC5 /* Project object */;
}
